
Microsoft Visual Studio Solution File, Format Version 12.00
# Visual Studio Version 17
VisualStudioVersion = 17.3.32819.101
MinimumVisualStudioVersion = 10.0.40219.1
Project("{FAE04EC0-301F-11D3-BF4B-00C04F79EFBC}") = "Kordamine_OOP_1", "Kordamine_OOP_1\Kordamine_OOP_1.csproj", "{802C3EF6-16E2-440D-BBC6-53D14908824F}"
EndProject
Global
	GlobalSection(SolutionConfigurationPlatforms) = preSolution
		Debug|Any CPU = Debug|Any CPU
		Release|Any CPU = Release|Any CPU
	EndGlobalSection
	GlobalSection(ProjectConfigurationPlatforms) = postSolution
		{802C3EF6-16E2-440D-BBC6-53D14908824F}.Debug|Any CPU.ActiveCfg = Debug|Any CPU
		{802C3EF6-16E2-440D-BBC6-53D14908824F}.Debug|Any CPU.Build.0 = Debug|Any CPU
		{802C3EF6-16E2-440D-BBC6-53D14908824F}.Release|Any CPU.ActiveCfg = Release|Any CPU
		{802C3EF6-16E2-440D-BBC6-53D14908824F}.Release|Any CPU.Build.0 = Release|Any CPU
	EndGlobalSection
	GlobalSection(SolutionProperties) = preSolution
		HideSolutionNode = FALSE
	EndGlobalSection
	GlobalSection(ExtensibilityGlobals) = postSolution
		SolutionGuid = {BCF2ADDA-FEBB-4705-B24D-8960FF3F6A4C}
	EndGlobalSection
EndGlobal
