
Microsoft Visual Studio Solution File, Format Version 12.00
# Visual Studio Version 17
VisualStudioVersion = 17.3.32819.101
MinimumVisualStudioVersion = 10.0.40219.1
Project("{FAE04EC0-301F-11D3-BF4B-00C04F79EFBC}") = "WindowsForms_TARpv21", "WindowsForms_TARpv21\WindowsForms_TARpv21.csproj", "{5E829D16-C85C-490E-AAB4-58E96F92693B}"
EndProject
Global
	GlobalSection(SolutionConfigurationPlatforms) = preSolution
		Debug|Any CPU = Debug|Any CPU
		Release|Any CPU = Release|Any CPU
	EndGlobalSection
	GlobalSection(ProjectConfigurationPlatforms) = postSolution
		{5E829D16-C85C-490E-AAB4-58E96F92693B}.Debug|Any CPU.ActiveCfg = Debug|Any CPU
		{5E829D16-C85C-490E-AAB4-58E96F92693B}.Debug|Any CPU.Build.0 = Debug|Any CPU
		{5E829D16-C85C-490E-AAB4-58E96F92693B}.Release|Any CPU.ActiveCfg = Release|Any CPU
		{5E829D16-C85C-490E-AAB4-58E96F92693B}.Release|Any CPU.Build.0 = Release|Any CPU
	EndGlobalSection
	GlobalSection(SolutionProperties) = preSolution
		HideSolutionNode = FALSE
	EndGlobalSection
	GlobalSection(ExtensibilityGlobals) = postSolution
		SolutionGuid = {0242FAAB-903E-4ECA-8965-04A25A593A76}
	EndGlobalSection
EndGlobal
